Microsoft Visual Studio Solution File, Format Version 11.00
# Visual Studio 2008

Project("{F60D620C-57D2-8D39-C690-8477BF31CA42}") = "DICOM soft slices", "Assembly-CSharp.csproj", "{65EBD249-26CD-73C1-8608-CBC1F6FDB031}"
EndProject
Global
	GlobalSection(SolutionConfigurationPlatforms) = preSolution
		Debug|Any CPU = Debug|Any CPU
		Release|Any CPU = Release|Any CPU
	EndGlobalSection
	GlobalSection(ProjectConfigurationPlatforms) = postSolution
		{65EBD249-26CD-73C1-8608-CBC1F6FDB031}.Debug|Any CPU.ActiveCfg = Debug|Any CPU
		{65EBD249-26CD-73C1-8608-CBC1F6FDB031}.Debug|Any CPU.Build.0 = Debug|Any CPU
		{65EBD249-26CD-73C1-8608-CBC1F6FDB031}.Release|Any CPU.ActiveCfg = Release|Any CPU
		{65EBD249-26CD-73C1-8608-CBC1F6FDB031}.Release|Any CPU.Build.0 = Release|Any CPU
	EndGlobalSection
	GlobalSection(SolutionProperties) = preSolution
		HideSolutionNode = FALSE
	EndGlobalSection
	GlobalSection(MonoDevelopProperties) = preSolution
		StartupItem = Assembly-CSharp.csproj
	EndGlobalSection
EndGlobal
